{
  "forks": {
    "bmad-method": {
      "repo": "hsmith-dev/BMAD-METHOD",
      "upstream": "bmad-code-org/BMAD-METHOD",
      "tag": "v6.13.0-next-ogden-agents.0",
      "commit": "1cbcfa272fe65787c06a1fa164a901f46117cca7",
      "vendored": "vendor/bmad-method/skills",
      "contentHash": "sha256:6a4471ad7c8861b47a881ca35e0b598b9d32aed10c1e19a78e559d005f2c3c7b"
    },
    "bmad-loop": {
      "repo": "hsmith-dev/bmad-loop",
      "upstream": "bmad-code-org/bmad-loop",
      "tag": "v0.13.0-ogden-agents.0",
      "commit": "6bbe469637e2b8ac490b1f8c085aed8e2b19ce1b",
      "vendored": "vendor/bmad-loop/bmad_loop-0.13.0-py3-none-any.whl",
      "buildConstraints": [
        "hatchling==1.32.4"
      ],
      "contentHash": "sha256:2314e084cc5545a703dc1d09f7315d9bd02cea49bc4918e9e4763431fd3bd7ef"
    }
  }
}
